schema: '2.0'
stages:
  prepare_data:
    cmd: python scripts/prepare_data.py
    deps:
    - path: data/raw/transactions.csv
      hash: md5
      md5: 2aab5d653b7f0429de1bfb5e4bc11faa
      size: 1062481
    - path: scripts/prepare_data.py
      hash: md5
      md5: ab5058fb21ed585923ad3ef3f92bcbe6
      size: 350
    - path: src/riskops/data/features.py
      hash: md5
      md5: 8f05614411ad124af6f3db71922217e4
      size: 1083
    - path: src/riskops/data/pipeline.py
      hash: md5
      md5: ab0a094c9a750b740a05fc1e1963878e
      size: 670
    - path: src/riskops/data/quality.py
      hash: md5
      md5: c0568c9e12fe3df5e572186076273e09
      size: 2850
    - path: src/riskops/data/schema.py
      hash: md5
      md5: 61a797949caa9cfb94e80888cf51ebe1
      size: 631
    - path: src/riskops/data/split.py
      hash: md5
      md5: 5be0dbf74b14934346001ded2f9aa731
      size: 1637
    - path: src/riskops/data/validation.py
      hash: md5
      md5: e44a3790d3b92d7649cec49e34043efd
      size: 799
    outs:
    - path: data/processed/transactions.csv
      hash: md5
      md5: 69663c24914ea5e3a4f735088c7ffc6c
      size: 1788077
    - path: data/splits/test.csv
      hash: md5
      md5: 83160716151ccb1975f9b1a641d2c675
      size: 268718
    - path: data/splits/train.csv
      hash: md5
      md5: 8c8492f54b5bab8bea43a90631869a1e
      size: 1252166
    - path: data/splits/validation.csv
      hash: md5
      md5: a9442e026e5abdb4e4fa247c3265a844
      size: 267919
